
Microsoft Visual Studio Solution File, Format Version 12.00
# Visual Studio Version 17
VisualStudioVersion = 17.6.33829.357
MinimumVisualStudioVersion = 10.0.40219.1
Project("{2150E333-8FDC-42A3-9474-1A3956D46DE8}") = "Domain", "Domain", "{58DF5641-0D38-4AB3-9E26-92AABB7E6D75}"
EndProject
Project("{2150E333-8FDC-42A3-9474-1A3956D46DE8}") = "Service", "Service", "{03B5093F-D764-42BA-906A-3BC2FCC02348}"
EndProject
Project("{2150E333-8FDC-42A3-9474-1A3956D46DE8}") = "Infrastructure", "Infrastructure", "{D3106635-1DA3-4691-9EA8-1860B195525D}"
EndProject
Project("{2150E333-8FDC-42A3-9474-1A3956D46DE8}") = "Application", "Application", "{803455CD-D535-4740-9250-9C3FDC1C0332}"
EndProject
Project("{2150E333-8FDC-42A3-9474-1A3956D46DE8}") = "InfraData", "InfraData", "{60D2B55D-B5A6-4070-A35E-6B432225D074}"
EndProject
Project("{2150E333-8FDC-42A3-9474-1A3956D46DE8}") = "CrossCutting", "CrossCutting", "{B5ACEC92-6994-42A3-A394-6DDB65B944A7}"
EndProject
Project("{FAE04EC0-301F-11D3-BF4B-00C04F79EFBC}") = "Service", "Service\Service.csproj", "{D54FAC45-FDD2-4D63-AA18-45834FD967A3}"
EndProject
Project("{FAE04EC0-301F-11D3-BF4B-00C04F79EFBC}") = "CrossCutting", "CrossCutting\CrossCutting.csproj", "{01928470-165E-42E2-9577-074615C63135}"
EndProject
Project("{FAE04EC0-301F-11D3-BF4B-00C04F79EFBC}") = "InfraData", "InfraData\InfraData.csproj", "{9C55AD66-67FA-4CFD-84CF-96E82364C750}"
EndProject
Project("{FAE04EC0-301F-11D3-BF4B-00C04F79EFBC}") = "Domain", "Domain\Domain.csproj", "{6B3B9B2F-FA7A-45DC-9527-749D4318DD78}"
EndProject
Project("{FAE04EC0-301F-11D3-BF4B-00C04F79EFBC}") = "NoteApi", "NoteApi\NoteApi.csproj", "{DC3030E0-2889-4F27-875B-A8A86724C3E7}"
EndProject
Global
	GlobalSection(SolutionConfigurationPlatforms) = preSolution
		Debug|Any CPU = Debug|Any CPU
		Release|Any CPU = Release|Any CPU
	EndGlobalSection
	GlobalSection(ProjectConfigurationPlatforms) = postSolution
		{D54FAC45-FDD2-4D63-AA18-45834FD967A3}.Debug|Any CPU.ActiveCfg = Debug|Any CPU
		{D54FAC45-FDD2-4D63-AA18-45834FD967A3}.Debug|Any CPU.Build.0 = Debug|Any CPU
		{D54FAC45-FDD2-4D63-AA18-45834FD967A3}.Release|Any CPU.ActiveCfg = Release|Any CPU
		{D54FAC45-FDD2-4D63-AA18-45834FD967A3}.Release|Any CPU.Build.0 = Release|Any CPU
		{01928470-165E-42E2-9577-074615C63135}.Debug|Any CPU.ActiveCfg = Debug|Any CPU
		{01928470-165E-42E2-9577-074615C63135}.Debug|Any CPU.Build.0 = Debug|Any CPU
		{01928470-165E-42E2-9577-074615C63135}.Release|Any CPU.ActiveCfg = Release|Any CPU
		{01928470-165E-42E2-9577-074615C63135}.Release|Any CPU.Build.0 = Release|Any CPU
		{9C55AD66-67FA-4CFD-84CF-96E82364C750}.Debug|Any CPU.ActiveCfg = Debug|Any CPU
		{9C55AD66-67FA-4CFD-84CF-96E82364C750}.Debug|Any CPU.Build.0 = Debug|Any CPU
		{9C55AD66-67FA-4CFD-84CF-96E82364C750}.Release|Any CPU.ActiveCfg = Release|Any CPU
		{9C55AD66-67FA-4CFD-84CF-96E82364C750}.Release|Any CPU.Build.0 = Release|Any CPU
		{6B3B9B2F-FA7A-45DC-9527-749D4318DD78}.Debug|Any CPU.ActiveCfg = Debug|Any CPU
		{6B3B9B2F-FA7A-45DC-9527-749D4318DD78}.Debug|Any CPU.Build.0 = Debug|Any CPU
		{6B3B9B2F-FA7A-45DC-9527-749D4318DD78}.Release|Any CPU.ActiveCfg = Release|Any CPU
		{6B3B9B2F-FA7A-45DC-9527-749D4318DD78}.Release|Any CPU.Build.0 = Release|Any CPU
		{DC3030E0-2889-4F27-875B-A8A86724C3E7}.Debug|Any CPU.ActiveCfg = Debug|Any CPU
		{DC3030E0-2889-4F27-875B-A8A86724C3E7}.Debug|Any CPU.Build.0 = Debug|Any CPU
		{DC3030E0-2889-4F27-875B-A8A86724C3E7}.Release|Any CPU.ActiveCfg = Release|Any CPU
		{DC3030E0-2889-4F27-875B-A8A86724C3E7}.Release|Any CPU.Build.0 = Release|Any CPU
	EndGlobalSection
	GlobalSection(SolutionProperties) = preSolution
		HideSolutionNode = FALSE
	EndGlobalSection
	GlobalSection(NestedProjects) = preSolution
		{60D2B55D-B5A6-4070-A35E-6B432225D074} = {D3106635-1DA3-4691-9EA8-1860B195525D}
		{B5ACEC92-6994-42A3-A394-6DDB65B944A7} = {D3106635-1DA3-4691-9EA8-1860B195525D}
		{D54FAC45-FDD2-4D63-AA18-45834FD967A3} = {03B5093F-D764-42BA-906A-3BC2FCC02348}
		{01928470-165E-42E2-9577-074615C63135} = {B5ACEC92-6994-42A3-A394-6DDB65B944A7}
		{9C55AD66-67FA-4CFD-84CF-96E82364C750} = {60D2B55D-B5A6-4070-A35E-6B432225D074}
		{6B3B9B2F-FA7A-45DC-9527-749D4318DD78} = {58DF5641-0D38-4AB3-9E26-92AABB7E6D75}
		{DC3030E0-2889-4F27-875B-A8A86724C3E7} = {803455CD-D535-4740-9250-9C3FDC1C0332}
	EndGlobalSection
	GlobalSection(ExtensibilityGlobals) = postSolution
		SolutionGuid = {431F346A-1DFD-41F8-A89D-8B246E027CDB}
	EndGlobalSection
EndGlobal
